// !$*UTF8*$!
{
	archiveVersion = 1;
	classes = {
	};
	objectVersion = 55;
	objects = {

/* Begin PBXBuildFile section */
		90CF129A292483E6003B26ED /* AppDelegate.swift in Sources */ = {isa = PBXBuildFile; fileRef = 90CF1299292483E6003B26ED /* AppDelegate.swift */; };
		90CF129C292483E6003B26ED /* SceneDelegate.swift in Sources */ = {isa = PBXBuildFile; fileRef = 90CF129B292483E6003B26ED /* SceneDelegate.swift */; };
		90CF129E292483E6003B26ED /* ViewController.swift in Sources */ = {isa = PBXBuildFile; fileRef = 90CF129D292483E6003B26ED /* ViewController.swift */; };
		90CF12A1292483E6003B26ED /* Main.storyboard in Resources */ = {isa = PBXBuildFile; fileRef = 90CF129F292483E6003B26ED /* Main.storyboard */; };
		90CF12A3292483E7003B26ED /* Assets.xcassets in Resources */ = {isa = PBXBuildFile; fileRef = 90CF12A2292483E7003B26ED /* Assets.xcassets */; };
		90CF12A6292483E7003B26ED /* LaunchScreen.storyboard in Resources */ = {isa = PBXBuildFile; fileRef = 90CF12A4292483E7003B26ED /* LaunchScreen.storyboard */; };
		BD2CD8F50CE983976FF9109D /* Pods_RxSwiftToPlayground.framework in Frameworks */ = {isa = PBXBuildFile; fileRef = 0AB814FBA94C22A721201022 /* Pods_RxSwiftToPlayground.framework */; };
/* End PBXBuildFile section */

/* Begin PBXFileReference section */
		0AB814FBA94C22A721201022 /* Pods_RxSwiftToPlayground.framework */ = {isa = PBXFileReference; explicitFileType = wrapper.framework; includeInIndex = 0; path = Pods_RxSwiftToPlayground.framework; sourceTree = BUILT_PRODUCTS_DIR; };
		90CF1296292483E6003B26ED /* RxSwiftToPlayground.app */ = {isa = PBXFileReference; explicitFileType = wrapper.application; includeInIndex = 0; path = RxSwiftToPlayground.app; sourceTree = BUILT_PRODUCTS_DIR; };
		90CF1299292483E6003B26ED /* AppDelegate.swift */ = {isa = PBXFileReference; lastKnownFileType = sourcecode.swift; path = AppDelegate.swift; sourceTree = "<group>"; };
		90CF129B292483E6003B26ED /* SceneDelegate.swift */ = {isa = PBXFileReference; lastKnownFileType = sourcecode.swift; path = SceneDelegate.swift; sourceTree = "<group>"; };
		90CF129D292483E6003B26ED /* ViewController.swift */ = {isa = PBXFileReference; lastKnownFileType = sourcecode.swift; path = ViewController.swift; sourceTree = "<group>"; };
		90CF12A0292483E6003B26ED /* Base */ = {isa = PBXFileReference; lastKnownFileType = file.storyboard; name = Base; path = Base.lproj/Main.storyboard; sourceTree = "<group>"; };
		90CF12A2292483E7003B26ED /* Assets.xcassets */ = {isa = PBXFileReference; lastKnownFileType = folder.assetcatalog; path = Assets.xcassets; sourceTree = "<group>"; };
		90CF12A5292483E7003B26ED /* Base */ = {isa = PBXFileReference; lastKnownFileType = file.storyboard; name = Base; path = Base.lproj/LaunchScreen.storyboard; sourceTree = "<group>"; };
		90CF12A7292483E7003B26ED /* Info.plist */ = {isa = PBXFileReference; lastKnownFileType = text.plist.xml; path = Info.plist; sourceTree = "<group>"; };
		E61D55B37B7C912AE99BF422 /* Pods-RxSwiftToPlayground.debug.xcconfig */ = {isa = PBXFileReference; includeInIndex = 1; lastKnownFileType = text.xcconfig; name = "Pods-RxSwiftToPlayground.debug.xcconfig"; path = "Target Support Files/Pods-RxSwiftToPlayground/Pods-RxSwiftToPlayground.debug.xcconfig"; sourceTree = "<group>"; };
		F0BBAD858CBEB5E03D249BB1 /* Pods-RxSwiftToPlayground.release.xcconfig */ = {isa = PBXFileReference; includeInIndex = 1; lastKnownFileType = text.xcconfig; name = "Pods-RxSwiftToPlayground.release.xcconfig"; path = "Target Support Files/Pods-RxSwiftToPlayground/Pods-RxSwiftToPlayground.release.xcconfig"; sourceTree = "<group>"; };
/* End PBXFileReference section */

/* Begin PBXFrameworksBuildPhase section */
		90CF1293292483E6003B26ED /* Frameworks */ = {
			isa = PBXFrameworksBuildPhase;
			buildActionMask = 2147483647;
			files = (
				BD2CD8F50CE983976FF9109D /* Pods_RxSwiftToPlayground.framework in Frameworks */,
			);
			runOnlyForDeploymentPostprocessing = 0;
		};
/* End PBXFrameworksBuildPhase section */

/* Begin PBXGroup section */
		1416E1992A13C8080F5BCC4F /* Frameworks */ = {
			isa = PBXGroup;
			children = (
				0AB814FBA94C22A721201022 /* Pods_RxSwiftToPlayground.framework */,
			);
			name = Frameworks;
			sourceTree = "<group>";
		};
		90CF128D292483E6003B26ED = {
			isa = PBXGroup;
			children = (
				90CF1298292483E6003B26ED /* RxSwiftToPlayground */,
				90CF1297292483E6003B26ED /* Products */,
				9B7B29BBE70B993C281443D6 /* Pods */,
				1416E1992A13C8080F5BCC4F /* Frameworks */,
			);
			sourceTree = "<group>";
		};
		90CF1297292483E6003B26ED /* Products */ = {
			isa = PBXGroup;
			children = (
				90CF1296292483E6003B26ED /* RxSwiftToPlayground.app */,
			);
			name = Products;
			sourceTree = "<group>";
		};
		90CF1298292483E6003B26ED /* RxSwiftToPlayground */ = {
			isa = PBXGroup;
			children = (
				90CF1299292483E6003B26ED /* AppDelegate.swift */,
				90CF129B292483E6003B26ED /* SceneDelegate.swift */,
				90CF129D292483E6003B26ED /* ViewController.swift */,
				90CF129F292483E6003B26ED /* Main.storyboard */,
				90CF12A2292483E7003B26ED /* Assets.xcassets */,
				90CF12A4292483E7003B26ED /* LaunchScreen.storyboard */,
				90CF12A7292483E7003B26ED /* Info.plist */,
			);
			path = RxSwiftToPlayground;
			sourceTree = "<group>";
		};
		9B7B29BBE70B993C281443D6 /* Pods */ = {
			isa = PBXGroup;
			children = (
				E61D55B37B7C912AE99BF422 /* Pods-RxSwiftToPlayground.debug.xcconfig */,
				F0BBAD858CBEB5E03D249BB1 /* Pods-RxSwiftToPlayground.release.xcconfig */,
			);
			name = Pods;
			path = Pods;
			sourceTree = "<group>";
		};
/* End PBXGroup section */

/* Begin PBXNativeTarget section */
		90CF1295292483E6003B26ED /* RxSwiftToPlayground */ = {
			isa = PBXNativeTarget;
			buildConfigurationList = 90CF12AA292483E7003B26ED /* Build configuration list for PBXNativeTarget "RxSwiftToPlayground" */;
			buildPhases = (
				C076DE62678BE681E06CC60B /* [CP] Check Pods Manifest.lock */,
				90CF1292292483E6003B26ED /* Sources */,
				90CF1293292483E6003B26ED /* Frameworks */,
				90CF1294292483E6003B26ED /* Resources */,
				76D8C2305D4FA44683275F9A /* [CP] Embed Pods Frameworks */,
			);
			buildRules = (
			);
			dependencies = (
			);
			name = RxSwiftToPlayground;
			productName = RxSwiftToPlayground;
			productReference = 90CF1296292483E6003B26ED /* RxSwiftToPlayground.app */;
			productType = "com.apple.product-type.application";
		};
/* End PBXNativeTarget section */

/* Begin PBXProject section */
		90CF128E292483E6003B26ED /* Project object */ = {
			isa = PBXProject;
			attributes = {
				BuildIndependentTargetsInParallel = 1;
				LastSwiftUpdateCheck = 1410;
				LastUpgradeCheck = 1410;
				TargetAttributes = {
					90CF1295292483E6003B26ED = {
						CreatedOnToolsVersion = 14.1;
					};
				};
			};
			buildConfigurationList = 90CF1291292483E6003B26ED /* Build configuration list for PBXProject "RxSwiftToPlayground" */;
			compatibilityVersion = "Xcode 13.0";
			developmentRegion = en;
			hasScannedForEncodings = 0;
			knownRegions = (
				en,
				Base,
			);
			mainGroup = 90CF128D292483E6003B26ED;
			productRefGroup = 90CF1297292483E6003B26ED /* Products */;
			projectDirPath = "";
			projectRoot = "";
			targets = (
				90CF1295292483E6003B26ED /* RxSwiftToPlayground */,
			);
		};
/* End PBXProject section */

/* Begin PBXResourcesBuildPhase section */
		90CF1294292483E6003B26ED /* Resources */ = {
			isa = PBXResourcesBuildPhase;
			buildActionMask = 2147483647;
			files = (
				90CF12A6292483E7003B26ED /* LaunchScreen.storyboard in Resources */,
				90CF12A3292483E7003B26ED /* Assets.xcassets in Resources */,
				90CF12A1292483E6003B26ED /* Main.storyboard in Resources */,
			);
			runOnlyForDeploymentPostprocessing = 0;
		};
/* End PBXResourcesBuildPhase section */

/* Begin PBXShellScriptBuildPhase section */
		76D8C2305D4FA44683275F9A /* [CP] Embed Pods Frameworks */ = {
			isa = PBXShellScriptBuildPhase;
			buildActionMask = 2147483647;
			files = (
			);
			inputFileListPaths = (
				"${PODS_ROOT}/Target Support Files/Pods-RxSwiftToPlayground/Pods-RxSwiftToPlayground-frameworks-${CONFIGURATION}-input-files.xcfilelist",
			);
			name = "[CP] Embed Pods Frameworks";
			outputFileListPaths = (
				"${PODS_ROOT}/Target Support Files/Pods-RxSwiftToPlayground/Pods-RxSwiftToPlayground-frameworks-${CONFIGURATION}-output-files.xcfilelist",
			);
			runOnlyForDeploymentPostprocessing = 0;
			shellPath = /bin/sh;
			shellScript = "\"${PODS_ROOT}/Target Support Files/Pods-RxSwiftToPlayground/Pods-RxSwiftToPlayground-frameworks.sh\"\n";
			showEnvVarsInLog = 0;
		};
		C076DE62678BE681E06CC60B /* [CP] Check Pods Manifest.lock */ = {
			isa = PBXShellScriptBuildPhase;
			buildActionMask = 2147483647;
			files = (
			);
			inputFileListPaths = (
			);
			inputPaths = (
				"${PODS_PODFILE_DIR_PATH}/Podfile.lock",
				"${PODS_ROOT}/Manifest.lock",
			);
			name = "[CP] Check Pods Manifest.lock";
			outputFileListPaths = (
			);
			outputPaths = (
				"$(DERIVED_FILE_DIR)/Pods-RxSwiftToPlayground-checkManifestLockResult.txt",
			);
			runOnlyForDeploymentPostprocessing = 0;
			shellPath = /bin/sh;
			shellScript = "diff \"${PODS_PODFILE_DIR_PATH}/Podfile.lock\" \"${PODS_ROOT}/Manifest.lock\" > /dev/null\nif [ $? != 0 ] ; then\n    # print error to STDERR\n    echo \"error: The sandbox is not in sync with the Podfile.lock. Run 'pod install' or update your CocoaPods installation.\" >&2\n    exit 1\nfi\n# This output is used by Xcode 'outputs' to avoid re-running this script phase.\necho \"SUCCESS\" > \"${SCRIPT_OUTPUT_FILE_0}\"\n";
			showEnvVarsInLog = 0;
		};
/* End PBXShellScriptBuildPhase section */

/* Begin PBXSourcesBuildPhase section */
		90CF1292292483E6003B26ED /* Sources */ = {
			isa = PBXSourcesBuildPhase;
			buildActionMask = 2147483647;
			files = (
				90CF129E292483E6003B26ED /* ViewController.swift in Sources */,
				90CF129A292483E6003B26ED /* AppDelegate.swift in Sources */,
				90CF129C292483E6003B26ED /* SceneDelegate.swift in Sources */,
			);
			runOnlyForDeploymentPostprocessing = 0;
		};
/* End PBXSourcesBuildPhase section */

/* Begin PBXVariantGroup section */
		90CF129F292483E6003B26ED /* Main.storyboard */ = {
			isa = PBXVariantGroup;
			children = (
				90CF12A0292483E6003B26ED /* Base */,
			);
			name = Main.storyboard;
			sourceTree = "<group>";
		};
		90CF12A4292483E7003B26ED /* LaunchScreen.storyboard */ = {
			isa = PBXVariantGroup;
			children = (
				90CF12A5292483E7003B26ED /* Base */,
			);
			name = LaunchScreen.storyboard;
			sourceTree = "<group>";
		};
/* End PBXVariantGroup section */

/* Begin XCBuildConfiguration section */
		90CF12A8292483E7003B26ED /* Debug */ = {
			isa = XCBuildConfiguration;
			buildSettings = {
				ALWAYS_SEARCH_USER_PATHS = NO;
				CLANG_ANALYZER_NONNULL = YES;
				CLANG_ANALYZER_NUMBER_OBJECT_CONVERSION = YES_AGGRESSIVE;
				CLANG_CXX_LANGUAGE_STANDARD = "gnu++20";
				CLANG_ENABLE_MODULES = YES;
				CLANG_ENABLE_OBJC_ARC = YES;
				CLANG_ENABLE_OBJC_WEAK = YES;
				CLANG_WARN_BLOCK_CAPTURE_AUTORELEASING = YES;
				CLANG_WARN_BOOL_CONVERSION = YES;
				CLANG_WARN_COMMA = YES;
				CLANG_WARN_CONSTANT_CONVERSION = YES;
				CLANG_WARN_DEPRECATED_OBJC_IMPLEMENTATIONS = YES;
				CLANG_WARN_DIRECT_OBJC_ISA_USAGE = YES_ERROR;
				CLANG_WARN_DOCUMENTATION_COMMENTS = YES;
				CLANG_WARN_EMPTY_BODY = YES;
				CLANG_WARN_ENUM_CONVERSION = YES;
				CLANG_WARN_INFINITE_RECURSION = YES;
				CLANG_WARN_INT_CONVERSION = YES;
				CLANG_WARN_NON_LITERAL_NULL_CONVERSION = YES;
				CLANG_WARN_OBJC_IMPLICIT_RETAIN_SELF = YES;
				CLANG_WARN_OBJC_LITERAL_CONVERSION = YES;
				CLANG_WARN_OBJC_ROOT_CLASS = YES_ERROR;
				CLANG_WARN_QUOTED_INCLUDE_IN_FRAMEWORK_HEADER = YES;
				CLANG_WARN_RANGE_LOOP_ANALYSIS = YES;
				CLANG_WARN_STRICT_PROTOTYPES = YES;
				CLANG_WARN_SUSPICIOUS_MOVE = YES;
				CLANG_WARN_UNGUARDED_AVAILABILITY = YES_AGGRESSIVE;
				CLANG_WARN_UNREACHABLE_CODE = YES;
				CLANG_WARN__DUPLICATE_METHOD_MATCH = YES;
				COPY_PHASE_STRIP = NO;
				DEBUG_INFORMATION_FORMAT = dwarf;
				ENABLE_STRICT_OBJC_MSGSEND = YES;
				ENABLE_TESTABILITY = YES;
				GCC_C_LANGUAGE_STANDARD = gnu11;
				GCC_DYNAMIC_NO_PIC = NO;
				GCC_NO_COMMON_BLOCKS = YES;
				GCC_OPTIMIZATION_LEVEL = 0;
				GCC_PREPROCESSOR_DEFINITIONS = (
					"DEBUG=1",
					"$(inherited)",
				);
				GCC_WARN_64_TO_32_BIT_CONVERSION = YES;
				GCC_WARN_ABOUT_RETURN_TYPE = YES_ERROR;
				GCC_WARN_UNDECLARED_SELECTOR = YES;
				GCC_WARN_UNINITIALIZED_AUTOS = YES_AGGRESSIVE;
				GCC_WARN_UNUSED_FUNCTION = YES;
				GCC_WARN_UNUSED_VARIABLE = YES;
				IPHONEOS_DEPLOYMENT_TARGET = 16.1;
				MTL_ENABLE_DEBUG_INFO = INCLUDE_SOURCE;
				MTL_FAST_MATH = YES;
				ONLY_ACTIVE_ARCH = YES;
				SDKROOT = iphoneos;
				SWIFT_ACTIVE_COMPILATION_CONDITIONS = DEBUG;
				SWIFT_OPTIMIZATION_LEVEL = "-Onone";
			};
			name = Debug;
		};
		90CF12A9292483E7003B26ED /* Release */ = {
			isa = XCBuildConfiguration;
			buildSettings = {
				ALWAYS_SEARCH_USER_PATHS = NO;
				CLANG_ANALYZER_NONNULL = YES;
				CLANG_ANALYZER_NUMBER_OBJECT_CONVERSION = YES_AGGRESSIVE;
				CLANG_CXX_LANGUAGE_STANDARD = "gnu++20";
				CLANG_ENABLE_MODULES = YES;
				CLANG_ENABLE_OBJC_ARC = YES;
				CLANG_ENABLE_OBJC_WEAK = YES;
				CLANG_WARN_BLOCK_CAPTURE_AUTORELEASING = YES;
				CLANG_WARN_BOOL_CONVERSION = YES;
				CLANG_WARN_COMMA = YES;
				CLANG_WARN_CONSTANT_CONVERSION = YES;
				CLANG_WARN_DEPRECATED_OBJC_IMPLEMENTATIONS = YES;
				CLANG_WARN_DIRECT_OBJC_ISA_USAGE = YES_ERROR;
				CLANG_WARN_DOCUMENTATION_COMMENTS = YES;
				CLANG_WARN_EMPTY_BODY = YES;
				CLANG_WARN_ENUM_CONVERSION = YES;
				CLANG_WARN_INFINITE_RECURSION = YES;
				CLANG_WARN_INT_CONVERSION = YES;
				CLANG_WARN_NON_LITERAL_NULL_CONVERSION = YES;
				CLANG_WARN_OBJC_IMPLICIT_RETAIN_SELF = YES;
				CLANG_WARN_OBJC_LITERAL_CONVERSION = YES;
				CLANG_WARN_OBJC_ROOT_CLASS = YES_ERROR;
				CLANG_WARN_QUOTED_INCLUDE_IN_FRAMEWORK_HEADER = YES;
				CLANG_WARN_RANGE_LOOP_ANALYSIS = YES;
				CLANG_WARN_STRICT_PROTOTYPES = YES;
				CLANG_WARN_SUSPICIOUS_MOVE = YES;
				CLANG_WARN_UNGUARDED_AVAILABILITY = YES_AGGRESSIVE;
				CLANG_WARN_UNREACHABLE_CODE = YES;
				CLANG_WARN__DUPLICATE_METHOD_MATCH = YES;
				COPY_PHASE_STRIP = NO;
				DEBUG_INFORMATION_FORMAT = "dwarf-with-dsym";
				ENABLE_NS_ASSERTIONS = NO;
				ENABLE_STRICT_OBJC_MSGSEND = YES;
				GCC_C_LANGUAGE_STANDARD = gnu11;
				GCC_NO_COMMON_BLOCKS = YES;
				GCC_WARN_64_TO_32_BIT_CONVERSION = YES;
				GCC_WARN_ABOUT_RETURN_TYPE = YES_ERROR;
				GCC_WARN_UNDECLARED_SELECTOR = YES;
				GCC_WARN_UNINITIALIZED_AUTOS = YES_AGGRESSIVE;
				GCC_WARN_UNUSED_FUNCTION = YES;
				GCC_WARN_UNUSED_VARIABLE = YES;
				IPHONEOS_DEPLOYMENT_TARGET = 16.1;
				MTL_ENABLE_DEBUG_INFO = NO;
				MTL_FAST_MATH = YES;
				SDKROOT = iphoneos;
				SWIFT_COMPILATION_MODE = wholemodule;
				SWIFT_OPTIMIZATION_LEVEL = "-O";
				VALIDATE_PRODUCT = YES;
			};
			name = Release;
		};
		90CF12AB292483E7003B26ED /* Debug */ = {
			isa = XCBuildConfiguration;
			baseConfigurationReference = E61D55B37B7C912AE99BF422 /* Pods-RxSwiftToPlayground.debug.xcconfig */;
			buildSettings = {
				ASSETCATALOG_COMPILER_APPICON_NAME = AppIcon;
				ASSETCATALOG_COMPILER_GLOBAL_ACCENT_COLOR_NAME = AccentColor;
				CODE_SIGN_STYLE = Automatic;
				CURRENT_PROJECT_VERSION = 1;
				DEVELOPMENT_TEAM = 63UM6H56P2;
				GENERATE_INFOPLIST_FILE = YES;
				INFOPLIST_FILE = RxSwiftToPlayground/Info.plist;
				INFOPLIST_KEY_UIApplicationSupportsIndirectInputEvents = YES;
				INFOPLIST_KEY_UILaunchStoryboardName = LaunchScreen;
				INFOPLIST_KEY_UIMainStoryboardFile = Main;
				INFOPLIST_KEY_UISupportedInterfaceOrientations_iPad = "UIInterfaceOrientationPortrait UIInterfaceOrientationPortraitUpsideDown UIInterfaceOrientationLandscapeLeft UIInterfaceOrientationLandscapeRight";
				INFOPLIST_KEY_UISupportedInterfaceOrientations_iPhone = "UIInterfaceOrientationPortrait UIInterfaceOrientationLandscapeLeft UIInterfaceOrientationLandscapeRight";
				LD_RUNPATH_SEARCH_PATHS = (
					"$(inherited)",
					"@executable_path/Frameworks",
				);
				MARKETING_VERSION = 1.0;
				PRODUCT_BUNDLE_IDENTIFIER = com.test.RxSwiftToPlayground;
				PRODUCT_NAME = "$(TARGET_NAME)";
				SWIFT_EMIT_LOC_STRINGS = YES;
				SWIFT_VERSION = 5.0;
				TARGETED_DEVICE_FAMILY = "1,2";
			};
			name = Debug;
		};
		90CF12AC292483E7003B26ED /* Release */ = {
			isa = XCBuildConfiguration;
			baseConfigurationReference = F0BBAD858CBEB5E03D249BB1 /* Pods-RxSwiftToPlayground.release.xcconfig */;
			buildSettings = {
				ASSETCATALOG_COMPILER_APPICON_NAME = AppIcon;
				ASSETCATALOG_COMPILER_GLOBAL_ACCENT_COLOR_NAME = AccentColor;
				CODE_SIGN_STYLE = Automatic;
				CURRENT_PROJECT_VERSION = 1;
				DEVELOPMENT_TEAM = 63UM6H56P2;
				GENERATE_INFOPLIST_FILE = YES;
				INFOPLIST_FILE = RxSwiftToPlayground/Info.plist;
				INFOPLIST_KEY_UIApplicationSupportsIndirectInputEvents = YES;
				INFOPLIST_KEY_UILaunchStoryboardName = LaunchScreen;
				INFOPLIST_KEY_UIMainStoryboardFile = Main;
				INFOPLIST_KEY_UISupportedInterfaceOrientations_iPad = "UIInterfaceOrientationPortrait UIInterfaceOrientationPortraitUpsideDown UIInterfaceOrientationLandscapeLeft UIInterfaceOrientationLandscapeRight";
				INFOPLIST_KEY_UISupportedInterfaceOrientations_iPhone = "UIInterfaceOrientationPortrait UIInterfaceOrientationLandscapeLeft UIInterfaceOrientationLandscapeRight";
				LD_RUNPATH_SEARCH_PATHS = (
					"$(inherited)",
					"@executable_path/Frameworks",
				);
				MARKETING_VERSION = 1.0;
				PRODUCT_BUNDLE_IDENTIFIER = com.test.RxSwiftToPlayground;
				PRODUCT_NAME = "$(TARGET_NAME)";
				SWIFT_EMIT_LOC_STRINGS = YES;
				SWIFT_VERSION = 5.0;
				TARGETED_DEVICE_FAMILY = "1,2";
			};
			name = Release;
		};
/* End XCBuildConfiguration section */

/* Begin XCConfigurationList section */
		90CF1291292483E6003B26ED /* Build configuration list for PBXProject "RxSwiftToPlayground" */ = {
			isa = XCConfigurationList;
			buildConfigurations = (
				90CF12A8292483E7003B26ED /* Debug */,
				90CF12A9292483E7003B26ED /* Release */,
			);
			defaultConfigurationIsVisible = 0;
			defaultConfigurationName = Release;
		};
		90CF12AA292483E7003B26ED /* Build configuration list for PBXNativeTarget "RxSwiftToPlayground" */ = {
			isa = XCConfigurationList;
			buildConfigurations = (
				90CF12AB292483E7003B26ED /* Debug */,
				90CF12AC292483E7003B26ED /* Release */,
			);
			defaultConfigurationIsVisible = 0;
			defaultConfigurationName = Release;
		};
/* End XCConfigurationList section */
	};
	rootObject = 90CF128E292483E6003B26ED /* Project object */;
}
